
Microsoft Visual Studio Solution File, Format Version 12.00
# Visual Studio Version 17
VisualStudioVersion = 17.7.34202.233
MinimumVisualStudioVersion = 10.0.40219.1
Project("{FAE04EC0-301F-11D3-BF4B-00C04F79EFBC}") = "DBFfileReader", "DBFfileReader\DBFfileReader.csproj", "{35985706-4280-4A96-BCBB-16DA9B7130A6}"
EndProject
Global
	GlobalSection(SolutionConfigurationPlatforms) = preSolution
		Debug|Any CPU = Debug|Any CPU
		Release|Any CPU = Release|Any CPU
	EndGlobalSection
	GlobalSection(ProjectConfigurationPlatforms) = postSolution
		{35985706-4280-4A96-BCBB-16DA9B7130A6}.Debug|Any CPU.ActiveCfg = Debug|Any CPU
		{35985706-4280-4A96-BCBB-16DA9B7130A6}.Debug|Any CPU.Build.0 = Debug|Any CPU
		{35985706-4280-4A96-BCBB-16DA9B7130A6}.Release|Any CPU.ActiveCfg = Release|Any CPU
		{35985706-4280-4A96-BCBB-16DA9B7130A6}.Release|Any CPU.Build.0 = Release|Any CPU
	EndGlobalSection
	GlobalSection(SolutionProperties) = preSolution
		HideSolutionNode = FALSE
	EndGlobalSection
	GlobalSection(ExtensibilityGlobals) = postSolution
		SolutionGuid = {E7FBC13A-E434-4E93-8AC2-80E7FE456E7F}
	EndGlobalSection
EndGlobal
